
Microsoft Visual Studio Solution File, Format Version 12.00
# Visual Studio Version 16
VisualStudioVersion = 16.0.31702.278
MinimumVisualStudioVersion = 10.0.40219.1
Project("{9A19103F-16F7-4668-BE54-9A1E7A4F7556}") = "WebAPI", "WebAPI.csproj", "{DCB14B6B-606D-42B5-A4FF-DE0983AAEBD9}"
EndProject
Project("{9A19103F-16F7-4668-BE54-9A1E7A4F7556}") = "BibliotekaKlasModel", "..\BibliotekaKlasModel\BibliotekaKlasModel.csproj", "{4EFB2988-F2E8-4F06-ACA0-CA8B098D7D0E}"
EndProject
Project("{9A19103F-16F7-4668-BE54-9A1E7A4F7556}") = "BibliotekaKlasDAL", "..\BibliotekaKlasDAL\BibliotekaKlasDAL.csproj", "{EDBA7319-FBC8-4807-BE16-BE8D77470CB9}"
EndProject
Project("{9A19103F-16F7-4668-BE54-9A1E7A4F7556}") = "BLL", "..\BLL\BLL.csproj", "{5203ED3C-C8D9-439B-94B6-A22051676C2E}"
EndProject
Project("{FAE04EC0-301F-11D3-BF4B-00C04F79EFBC}") = "BLL_EF", "..\BLL_EF\BLL_EF.csproj", "{83B25A54-D898-4EA1-AA4E-8788B71B6380}"
EndProject
Global
	GlobalSection(SolutionConfigurationPlatforms) = preSolution
		Debug|Any CPU = Debug|Any CPU
		Release|Any CPU = Release|Any CPU
	EndGlobalSection
	GlobalSection(ProjectConfigurationPlatforms) = postSolution
		{DCB14B6B-606D-42B5-A4FF-DE0983AAEBD9}.Debug|Any CPU.ActiveCfg = Debug|Any CPU
		{DCB14B6B-606D-42B5-A4FF-DE0983AAEBD9}.Debug|Any CPU.Build.0 = Debug|Any CPU
		{DCB14B6B-606D-42B5-A4FF-DE0983AAEBD9}.Release|Any CPU.ActiveCfg = Release|Any CPU
		{DCB14B6B-606D-42B5-A4FF-DE0983AAEBD9}.Release|Any CPU.Build.0 = Release|Any CPU
		{4EFB2988-F2E8-4F06-ACA0-CA8B098D7D0E}.Debug|Any CPU.ActiveCfg = Debug|Any CPU
		{4EFB2988-F2E8-4F06-ACA0-CA8B098D7D0E}.Debug|Any CPU.Build.0 = Debug|Any CPU
		{4EFB2988-F2E8-4F06-ACA0-CA8B098D7D0E}.Release|Any CPU.ActiveCfg = Release|Any CPU
		{4EFB2988-F2E8-4F06-ACA0-CA8B098D7D0E}.Release|Any CPU.Build.0 = Release|Any CPU
		{EDBA7319-FBC8-4807-BE16-BE8D77470CB9}.Debug|Any CPU.ActiveCfg = Debug|Any CPU
		{EDBA7319-FBC8-4807-BE16-BE8D77470CB9}.Debug|Any CPU.Build.0 = Debug|Any CPU
		{EDBA7319-FBC8-4807-BE16-BE8D77470CB9}.Release|Any CPU.ActiveCfg = Release|Any CPU
		{EDBA7319-FBC8-4807-BE16-BE8D77470CB9}.Release|Any CPU.Build.0 = Release|Any CPU
		{5203ED3C-C8D9-439B-94B6-A22051676C2E}.Debug|Any CPU.ActiveCfg = Debug|Any CPU
		{5203ED3C-C8D9-439B-94B6-A22051676C2E}.Debug|Any CPU.Build.0 = Debug|Any CPU
		{5203ED3C-C8D9-439B-94B6-A22051676C2E}.Release|Any CPU.ActiveCfg = Release|Any CPU
		{5203ED3C-C8D9-439B-94B6-A22051676C2E}.Release|Any CPU.Build.0 = Release|Any CPU
		{83B25A54-D898-4EA1-AA4E-8788B71B6380}.Debug|Any CPU.ActiveCfg = Debug|Any CPU
		{83B25A54-D898-4EA1-AA4E-8788B71B6380}.Debug|Any CPU.Build.0 = Debug|Any CPU
		{83B25A54-D898-4EA1-AA4E-8788B71B6380}.Release|Any CPU.ActiveCfg = Release|Any CPU
		{83B25A54-D898-4EA1-AA4E-8788B71B6380}.Release|Any CPU.Build.0 = Release|Any CPU
	EndGlobalSection
	GlobalSection(SolutionProperties) = preSolution
		HideSolutionNode = FALSE
	EndGlobalSection
	GlobalSection(ExtensibilityGlobals) = postSolution
		SolutionGuid = {DF8EF23E-262B-4486-9E7C-D7644ADE14B6}
	EndGlobalSection
EndGlobal
